// !$*UTF8*$!
{
	archiveVersion = 1;
	classes = {
	};
	objectVersion = 46;
	objects = {

/* Begin PBXBuildFile section */
		961382CC1B06480300A227E7 /* AppDelegate.swift in Sources */ = {isa = PBXBuildFile; fileRef = 961382CB1B06480300A227E7 /* AppDelegate.swift */; };
		961382D31B06480300A227E7 /* Images.xcassets in Resources */ = {isa = PBXBuildFile; fileRef = 961382D21B06480300A227E7 /* Images.xcassets */; };
		961382D61B06480300A227E7 /* LaunchScreen.xib in Resources */ = {isa = PBXBuildFile; fileRef = 961382D41B06480300A227E7 /* LaunchScreen.xib */; };
		961382E21B06480300A227E7 /* KingModalDemoTests.swift in Sources */ = {isa = PBXBuildFile; fileRef = 961382E11B06480300A227E7 /* KingModalDemoTests.swift */; };
		961383161B06498F00A227E7 /* ViewController.swift in Sources */ = {isa = PBXBuildFile; fileRef = 961383141B06498F00A227E7 /* ViewController.swift */; };
		961383171B06498F00A227E7 /* Main.storyboard in Resources */ = {isa = PBXBuildFile; fileRef = 961383151B06498F00A227E7 /* Main.storyboard */; };
/* End PBXBuildFile section */

/* Begin PBXContainerItemProxy section */
		961382DC1B06480300A227E7 /* PBXContainerItemProxy */ = {
			isa = PBXContainerItemProxy;
			containerPortal = 961382BE1B06480300A227E7 /* Project object */;
			proxyType = 1;
			remoteGlobalIDString = 961382C51B06480300A227E7;
			remoteInfo = KingModalDemo;
		};
/* End PBXContainerItemProxy section */

/* Begin PBXFileReference section */
		961382C61B06480300A227E7 /* KingModalDemo.app */ = {isa = PBXFileReference; explicitFileType = wrapper.application; includeInIndex = 0; path = KingModalDemo.app; sourceTree = BUILT_PRODUCTS_DIR; };
		961382CA1B06480300A227E7 /* Info.plist */ = {isa = PBXFileReference; lastKnownFileType = text.plist.xml; path = Info.plist; sourceTree = "<group>"; };
		961382CB1B06480300A227E7 /* AppDelegate.swift */ = {isa = PBXFileReference; lastKnownFileType = sourcecode.swift; path = AppDelegate.swift; sourceTree = "<group>"; };
		961382D21B06480300A227E7 /* Images.xcassets */ = {isa = PBXFileReference; lastKnownFileType = folder.assetcatalog; path = Images.xcassets; sourceTree = "<group>"; };
		961382D51B06480300A227E7 /* Base */ = {isa = PBXFileReference; lastKnownFileType = file.xib; name = Base; path = Base.lproj/LaunchScreen.xib; sourceTree = "<group>"; };
		961382DB1B06480300A227E7 /* KingModalDemoTests.xctest */ = {isa = PBXFileReference; explicitFileType = wrapper.cfbundle; includeInIndex = 0; path = KingModalDemoTests.xctest; sourceTree = BUILT_PRODUCTS_DIR; };
		961382E01B06480300A227E7 /* Info.plist */ = {isa = PBXFileReference; lastKnownFileType = text.plist.xml; path = Info.plist; sourceTree = "<group>"; };
		961382E11B06480300A227E7 /* KingModalDemoTests.swift */ = {isa = PBXFileReference; lastKnownFileType = sourcecode.swift; path = KingModalDemoTests.swift; sourceTree = "<group>"; };
		961383141B06498F00A227E7 /* ViewController.swift */ = {isa = PBXFileReference; fileEncoding = 4; lastKnownFileType = sourcecode.swift; path = ViewController.swift; sourceTree = "<group>"; };
		961383151B06498F00A227E7 /* Main.storyboard */ = {isa = PBXFileReference; fileEncoding = 4; lastKnownFileType = file.storyboard; path = Main.storyboard; sourceTree = "<group>"; };
/* End PBXFileReference section */

/* Begin PBXFrameworksBuildPhase section */
		961382C31B06480300A227E7 /* Frameworks */ = {
			isa = PBXFrameworksBuildPhase;
			buildActionMask = 2147483647;
			files = (
			);
			runOnlyForDeploymentPostprocessing = 0;
		};
		961382D81B06480300A227E7 /* Frameworks */ = {
			isa = PBXFrameworksBuildPhase;
			buildActionMask = 2147483647;
			files = (
			);
			runOnlyForDeploymentPostprocessing = 0;
		};
/* End PBXFrameworksBuildPhase section */

/* Begin PBXGroup section */
		961382BD1B06480300A227E7 = {
			isa = PBXGroup;
			children = (
				961382C81B06480300A227E7 /* KingModalDemo */,
				961382DE1B06480300A227E7 /* KingModalDemoTests */,
				961382C71B06480300A227E7 /* Products */,
			);
			sourceTree = "<group>";
		};
		961382C71B06480300A227E7 /* Products */ = {
			isa = PBXGroup;
			children = (
				961382C61B06480300A227E7 /* KingModalDemo.app */,
				961382DB1B06480300A227E7 /* KingModalDemoTests.xctest */,
			);
			name = Products;
			sourceTree = "<group>";
		};
		961382C81B06480300A227E7 /* KingModalDemo */ = {
			isa = PBXGroup;
			children = (
				961382CB1B06480300A227E7 /* AppDelegate.swift */,
				961383141B06498F00A227E7 /* ViewController.swift */,
				961383151B06498F00A227E7 /* Main.storyboard */,
				961382D21B06480300A227E7 /* Images.xcassets */,
				961382D41B06480300A227E7 /* LaunchScreen.xib */,
				961382C91B06480300A227E7 /* Supporting Files */,
			);
			path = KingModalDemo;
			sourceTree = "<group>";
		};
		961382C91B06480300A227E7 /* Supporting Files */ = {
			isa = PBXGroup;
			children = (
				961382CA1B06480300A227E7 /* Info.plist */,
			);
			name = "Supporting Files";
			sourceTree = "<group>";
		};
		961382DE1B06480300A227E7 /* KingModalDemoTests */ = {
			isa = PBXGroup;
			children = (
				961382E11B06480300A227E7 /* KingModalDemoTests.swift */,
				961382DF1B06480300A227E7 /* Supporting Files */,
			);
			path = KingModalDemoTests;
			sourceTree = "<group>";
		};
		961382DF1B06480300A227E7 /* Supporting Files */ = {
			isa = PBXGroup;
			children = (
				961382E01B06480300A227E7 /* Info.plist */,
			);
			name = "Supporting Files";
			sourceTree = "<group>";
		};
/* End PBXGroup section */

/* Begin PBXNativeTarget section */
		961382C51B06480300A227E7 /* KingModalDemo */ = {
			isa = PBXNativeTarget;
			buildConfigurationList = 961382E51B06480300A227E7 /* Build configuration list for PBXNativeTarget "KingModalDemo" */;
			buildPhases = (
				961382C21B06480300A227E7 /* Sources */,
				961382C31B06480300A227E7 /* Frameworks */,
				961382C41B06480300A227E7 /* Resources */,
			);
			buildRules = (
			);
			dependencies = (
			);
			name = KingModalDemo;
			productName = KingModalDemo;
			productReference = 961382C61B06480300A227E7 /* KingModalDemo.app */;
			productType = "com.apple.product-type.application";
		};
		961382DA1B06480300A227E7 /* KingModalDemoTests */ = {
			isa = PBXNativeTarget;
			buildConfigurationList = 961382E81B06480300A227E7 /* Build configuration list for PBXNativeTarget "KingModalDemoTests" */;
			buildPhases = (
				961382D71B06480300A227E7 /* Sources */,
				961382D81B06480300A227E7 /* Frameworks */,
				961382D91B06480300A227E7 /* Resources */,
			);
			buildRules = (
			);
			dependencies = (
				961382DD1B06480300A227E7 /* PBXTargetDependency */,
			);
			name = KingModalDemoTests;
			productName = KingModalDemoTests;
			productReference = 961382DB1B06480300A227E7 /* KingModalDemoTests.xctest */;
			productType = "com.apple.product-type.bundle.unit-test";
		};
/* End PBXNativeTarget section */

/* Begin PBXProject section */
		961382BE1B06480300A227E7 /* Project object */ = {
			isa = PBXProject;
			attributes = {
				LastUpgradeCheck = 0630;
				ORGANIZATIONNAME = hgProject;
				TargetAttributes = {
					961382C51B06480300A227E7 = {
						CreatedOnToolsVersion = 6.3;
					};
					961382DA1B06480300A227E7 = {
						CreatedOnToolsVersion = 6.3;
						TestTargetID = 961382C51B06480300A227E7;
					};
				};
			};
			buildConfigurationList = 961382C11B06480300A227E7 /* Build configuration list for PBXProject "KingModalDemo" */;
			compatibilityVersion = "Xcode 3.2";
			developmentRegion = English;
			hasScannedForEncodings = 0;
			knownRegions = (
				en,
				Base,
			);
			mainGroup = 961382BD1B06480300A227E7;
			productRefGroup = 961382C71B06480300A227E7 /* Products */;
			projectDirPath = "";
			projectRoot = "";
			targets = (
				961382C51B06480300A227E7 /* KingModalDemo */,
				961382DA1B06480300A227E7 /* KingModalDemoTests */,
			);
		};
/* End PBXProject section */

/* Begin PBXResourcesBuildPhase section */
		961382C41B06480300A227E7 /* Resources */ = {
			isa = PBXResourcesBuildPhase;
			buildActionMask = 2147483647;
			files = (
				961383171B06498F00A227E7 /* Main.storyboard in Resources */,
				961382D61B06480300A227E7 /* LaunchScreen.xib in Resources */,
				961382D31B06480300A227E7 /* Images.xcassets in Resources */,
			);
			runOnlyForDeploymentPostprocessing = 0;
		};
		961382D91B06480300A227E7 /* Resources */ = {
			isa = PBXResourcesBuildPhase;
			buildActionMask = 2147483647;
			files = (
			);
			runOnlyForDeploymentPostprocessing = 0;
		};
/* End PBXResourcesBuildPhase section */

/* Begin PBXSourcesBuildPhase section */
		961382C21B06480300A227E7 /* Sources */ = {
			isa = PBXSourcesBuildPhase;
			buildActionMask = 2147483647;
			files = (
				961383161B06498F00A227E7 /* ViewController.swift in Sources */,
				961382CC1B06480300A227E7 /* AppDelegate.swift in Sources */,
			);
			runOnlyForDeploymentPostprocessing = 0;
		};
		961382D71B06480300A227E7 /* Sources */ = {
			isa = PBXSourcesBuildPhase;
			buildActionMask = 2147483647;
			files = (
				961382E21B06480300A227E7 /* KingModalDemoTests.swift in Sources */,
			);
			runOnlyForDeploymentPostprocessing = 0;
		};
/* End PBXSourcesBuildPhase section */

/* Begin PBXTargetDependency section */
		961382DD1B06480300A227E7 /* PBXTargetDependency */ = {
			isa = PBXTargetDependency;
			target = 961382C51B06480300A227E7 /* KingModalDemo */;
			targetProxy = 961382DC1B06480300A227E7 /* PBXContainerItemProxy */;
		};
/* End PBXTargetDependency section */

/* Begin PBXVariantGroup section */
		961382D41B06480300A227E7 /* LaunchScreen.xib */ = {
			isa = PBXVariantGroup;
			children = (
				961382D51B06480300A227E7 /* Base */,
			);
			name = LaunchScreen.xib;
			sourceTree = "<group>";
		};
/* End PBXVariantGroup section */

/* Begin XCBuildConfiguration section */
		961382E31B06480300A227E7 /* Debug */ = {
			isa = XCBuildConfiguration;
			buildSettings = {
				ALWAYS_SEARCH_USER_PATHS = NO;
				CLANG_CXX_LANGUAGE_STANDARD = "gnu++0x";
				CLANG_CXX_LIBRARY = "libc++";
				CLANG_ENABLE_MODULES = YES;
				CLANG_ENABLE_OBJC_ARC = YES;
				CLANG_WARN_BOOL_CONVERSION = YES;
				CLANG_WARN_CONSTANT_CONVERSION = YES;
				CLANG_WARN_DIRECT_OBJC_ISA_USAGE = YES_ERROR;
				CLANG_WARN_EMPTY_BODY = YES;
				CLANG_WARN_ENUM_CONVERSION = YES;
				CLANG_WARN_INT_CONVERSION = YES;
				CLANG_WARN_OBJC_ROOT_CLASS = YES_ERROR;
				CLANG_WARN_UNREACHABLE_CODE = YES;
				CLANG_WARN__DUPLICATE_METHOD_MATCH = YES;
				"CODE_SIGN_IDENTITY[sdk=iphoneos*]" = "iPhone Developer";
				COPY_PHASE_STRIP = NO;
				DEBUG_INFORMATION_FORMAT = "dwarf-with-dsym";
				ENABLE_STRICT_OBJC_MSGSEND = YES;
				GCC_C_LANGUAGE_STANDARD = gnu99;
				GCC_DYNAMIC_NO_PIC = NO;
				GCC_NO_COMMON_BLOCKS = YES;
				GCC_OPTIMIZATION_LEVEL = 0;
				GCC_PREPROCESSOR_DEFINITIONS = (
					"DEBUG=1",
					"$(inherited)",
				);
				GCC_SYMBOLS_PRIVATE_EXTERN = NO;
				GCC_WARN_64_TO_32_BIT_CONVERSION = YES;
				GCC_WARN_ABOUT_RETURN_TYPE = YES_ERROR;
				GCC_WARN_UNDECLARED_SELECTOR = YES;
				GCC_WARN_UNINITIALIZED_AUTOS = YES_AGGRESSIVE;
				GCC_WARN_UNUSED_FUNCTION = YES;
				GCC_WARN_UNUSED_VARIABLE = YES;
				IPHONEOS_DEPLOYMENT_TARGET = 8.3;
				MTL_ENABLE_DEBUG_INFO = YES;
				ONLY_ACTIVE_ARCH = YES;
				SDKROOT = iphoneos;
				SWIFT_OPTIMIZATION_LEVEL = "-Onone";
			};
			name = Debug;
		};
		961382E41B06480300A227E7 /* Release */ = {
			isa = XCBuildConfiguration;
			buildSettings = {
				ALWAYS_SEARCH_USER_PATHS = NO;
				CLANG_CXX_LANGUAGE_STANDARD = "gnu++0x";
				CLANG_CXX_LIBRARY = "libc++";
				CLANG_ENABLE_MODULES = YES;
				CLANG_ENABLE_OBJC_ARC = YES;
				CLANG_WARN_BOOL_CONVERSION = YES;
				CLANG_WARN_CONSTANT_CONVERSION = YES;
				CLANG_WARN_DIRECT_OBJC_ISA_USAGE = YES_ERROR;
				CLANG_WARN_EMPTY_BODY = YES;
				CLANG_WARN_ENUM_CONVERSION = YES;
				CLANG_WARN_INT_CONVERSION = YES;
				CLANG_WARN_OBJC_ROOT_CLASS = YES_ERROR;
				CLANG_WARN_UNREACHABLE_CODE = YES;
				CLANG_WARN__DUPLICATE_METHOD_MATCH = YES;
				"CODE_SIGN_IDENTITY[sdk=iphoneos*]" = "iPhone Developer";
				COPY_PHASE_STRIP = NO;
				DEBUG_INFORMATION_FORMAT = "dwarf-with-dsym";
				ENABLE_NS_ASSERTIONS = NO;
				ENABLE_STRICT_OBJC_MSGSEND = YES;
				GCC_C_LANGUAGE_STANDARD = gnu99;
				GCC_NO_COMMON_BLOCKS = YES;
				GCC_WARN_64_TO_32_BIT_CONVERSION = YES;
				GCC_WARN_ABOUT_RETURN_TYPE = YES_ERROR;
				GCC_WARN_UNDECLARED_SELECTOR = YES;
				GCC_WARN_UNINITIALIZED_AUTOS = YES_AGGRESSIVE;
				GCC_WARN_UNUSED_FUNCTION = YES;
				GCC_WARN_UNUSED_VARIABLE = YES;
				IPHONEOS_DEPLOYMENT_TARGET = 8.3;
				MTL_ENABLE_DEBUG_INFO = NO;
				SDKROOT = iphoneos;
				VALIDATE_PRODUCT = YES;
			};
			name = Release;
		};
		961382E61B06480300A227E7 /* Debug */ = {
			isa = XCBuildConfiguration;
			buildSettings = {
				ASSETCATALOG_COMPILER_APPICON_NAME = AppIcon;
				INFOPLIST_FILE = KingModalDemo/Info.plist;
				LD_RUNPATH_SEARCH_PATHS = "$(inherited) @executable_path/Frameworks";
				PRODUCT_NAME = "$(TARGET_NAME)";
			};
			name = Debug;
		};
		961382E71B06480300A227E7 /* Release */ = {
			isa = XCBuildConfiguration;
			buildSettings = {
				ASSETCATALOG_COMPILER_APPICON_NAME = AppIcon;
				INFOPLIST_FILE = KingModalDemo/Info.plist;
				LD_RUNPATH_SEARCH_PATHS = "$(inherited) @executable_path/Frameworks";
				PRODUCT_NAME = "$(TARGET_NAME)";
			};
			name = Release;
		};
		961382E91B06480300A227E7 /* Debug */ = {
			isa = XCBuildConfiguration;
			buildSettings = {
				BUNDLE_LOADER = "$(TEST_HOST)";
				FRAMEWORK_SEARCH_PATHS = (
					"$(SDKROOT)/Developer/Library/Frameworks",
					"$(inherited)",
				);
				GCC_PREPROCESSOR_DEFINITIONS = (
					"DEBUG=1",
					"$(inherited)",
				);
				INFOPLIST_FILE = KingModalDemoTests/Info.plist;
				LD_RUNPATH_SEARCH_PATHS = "$(inherited) @executable_path/Frameworks @loader_path/Frameworks";
				PRODUCT_NAME = "$(TARGET_NAME)";
				TEST_HOST = "$(BUILT_PRODUCTS_DIR)/KingModalDemo.app/KingModalDemo";
			};
			name = Debug;
		};
		961382EA1B06480300A227E7 /* Release */ = {
			isa = XCBuildConfiguration;
			buildSettings = {
				BUNDLE_LOADER = "$(TEST_HOST)";
				FRAMEWORK_SEARCH_PATHS = (
					"$(SDKROOT)/Developer/Library/Frameworks",
					"$(inherited)",
				);
				INFOPLIST_FILE = KingModalDemoTests/Info.plist;
				LD_RUNPATH_SEARCH_PATHS = "$(inherited) @executable_path/Frameworks @loader_path/Frameworks";
				PRODUCT_NAME = "$(TARGET_NAME)";
				TEST_HOST = "$(BUILT_PRODUCTS_DIR)/KingModalDemo.app/KingModalDemo";
			};
			name = Release;
		};
/* End XCBuildConfiguration section */

/* Begin XCConfigurationList section */
		961382C11B06480300A227E7 /* Build configuration list for PBXProject "KingModalDemo" */ = {
			isa = XCConfigurationList;
			buildConfigurations = (
				961382E31B06480300A227E7 /* Debug */,
				961382E41B06480300A227E7 /* Release */,
			);
			defaultConfigurationIsVisible = 0;
			defaultConfigurationName = Release;
		};
		961382E51B06480300A227E7 /* Build configuration list for PBXNativeTarget "KingModalDemo" */ = {
			isa = XCConfigurationList;
			buildConfigurations = (
				961382E61B06480300A227E7 /* Debug */,
				961382E71B06480300A227E7 /* Release */,
			);
			defaultConfigurationIsVisible = 0;
		};
		961382E81B06480300A227E7 /* Build configuration list for PBXNativeTarget "KingModalDemoTests" */ = {
			isa = XCConfigurationList;
			buildConfigurations = (
				961382E91B06480300A227E7 /* Debug */,
				961382EA1B06480300A227E7 /* Release */,
			);
			defaultConfigurationIsVisible = 0;
		};
/* End XCConfigurationList section */
	};
	rootObject = 961382BE1B06480300A227E7 /* Project object */;
}
